// !$*UTF8*$!
{
	archiveVersion = 1;
	classes = {
	};
	objectVersion = 46;
	objects = {

/* Begin PBXBuildFile section */
		AADA3DC31EBF7B48006EF7F9 /* main.m in Sources */ = {isa = PBXBuildFile; fileRef = AADA3DC21EBF7B48006EF7F9 /* main.m */; };
		AADA3DC61EBF7B48006EF7F9 /* AppDelegate.m in Sources */ = {isa = PBXBuildFile; fileRef = AADA3DC51EBF7B48006EF7F9 /* AppDelegate.m */; };
		AADA3DCC1EBF7B48006EF7F9 /* Main.storyboard in Resources */ = {isa = PBXBuildFile; fileRef = AADA3DCA1EBF7B48006EF7F9 /* Main.storyboard */; };
		AADA3DCE1EBF7B48006EF7F9 /* Assets.xcassets in Resources */ = {isa = PBXBuildFile; fileRef = AADA3DCD1EBF7B48006EF7F9 /* Assets.xcassets */; };
		AADA3DD11EBF7B48006EF7F9 /* LaunchScreen.storyboard in Resources */ = {isa = PBXBuildFile; fileRef = AADA3DCF1EBF7B48006EF7F9 /* LaunchScreen.storyboard */; };
		AADA3DDC1EBF7B48006EF7F9 /* ArtistsTests.m in Sources */ = {isa = PBXBuildFile; fileRef = AADA3DDB1EBF7B48006EF7F9 /* ArtistsTests.m */; };
		AADA3DE81EBF7C1E006EF7F9 /* ArtistViewController.m in Sources */ = {isa = PBXBuildFile; fileRef = AADA3DE71EBF7C1E006EF7F9 /* ArtistViewController.m */; };
		AADA3DEB1EBF7C77006EF7F9 /* Artist.m in Sources */ = {isa = PBXBuildFile; fileRef = AADA3DEA1EBF7C77006EF7F9 /* Artist.m */; };
		AADA3DEE1EBF7D20006EF7F9 /* ArtistManager.m in Sources */ = {isa = PBXBuildFile; fileRef = AADA3DED1EBF7D20006EF7F9 /* ArtistManager.m */; };
/* End PBXBuildFile section */

/* Begin PBXContainerItemProxy section */
		AADA3DD81EBF7B48006EF7F9 /* PBXContainerItemProxy */ = {
			isa = PBXContainerItemProxy;
			containerPortal = AADA3DB61EBF7B48006EF7F9 /* Project object */;
			proxyType = 1;
			remoteGlobalIDString = AADA3DBD1EBF7B48006EF7F9;
			remoteInfo = Artists;
		};
/* End PBXContainerItemProxy section */

/* Begin PBXFileReference section */
		AADA3DBE1EBF7B48006EF7F9 /* Artists.app */ = {isa = PBXFileReference; explicitFileType = wrapper.application; includeInIndex = 0; path = Artists.app; sourceTree = BUILT_PRODUCTS_DIR; };
		AADA3DC21EBF7B48006EF7F9 /* main.m */ = {isa = PBXFileReference; lastKnownFileType = sourcecode.c.objc; path = main.m; sourceTree = "<group>"; };
		AADA3DC41EBF7B48006EF7F9 /* AppDelegate.h */ = {isa = PBXFileReference; lastKnownFileType = sourcecode.c.h; path = AppDelegate.h; sourceTree = "<group>"; };
		AADA3DC51EBF7B48006EF7F9 /* AppDelegate.m */ = {isa = PBXFileReference; lastKnownFileType = sourcecode.c.objc; path = AppDelegate.m; sourceTree = "<group>"; };
		AADA3DCB1EBF7B48006EF7F9 /* Base */ = {isa = PBXFileReference; lastKnownFileType = file.storyboard; name = Base; path = Base.lproj/Main.storyboard; sourceTree = "<group>"; };
		AADA3DCD1EBF7B48006EF7F9 /* Assets.xcassets */ = {isa = PBXFileReference; lastKnownFileType = folder.assetcatalog; path = Assets.xcassets; sourceTree = "<group>"; };
		AADA3DD01EBF7B48006EF7F9 /* Base */ = {isa = PBXFileReference; lastKnownFileType = file.storyboard; name = Base; path = Base.lproj/LaunchScreen.storyboard; sourceTree = "<group>"; };
		AADA3DD21EBF7B48006EF7F9 /* Info.plist */ = {isa = PBXFileReference; lastKnownFileType = text.plist.xml; path = Info.plist; sourceTree = "<group>"; };
		AADA3DD71EBF7B48006EF7F9 /* ArtistsTests.xctest */ = {isa = PBXFileReference; explicitFileType = wrapper.cfbundle; includeInIndex = 0; path = ArtistsTests.xctest; sourceTree = BUILT_PRODUCTS_DIR; };
		AADA3DDB1EBF7B48006EF7F9 /* ArtistsTests.m */ = {isa = PBXFileReference; lastKnownFileType = sourcecode.c.objc; path = ArtistsTests.m; sourceTree = "<group>"; };
		AADA3DDD1EBF7B48006EF7F9 /* Info.plist */ = {isa = PBXFileReference; lastKnownFileType = text.plist.xml; path = Info.plist; sourceTree = "<group>"; };
		AADA3DE61EBF7C1E006EF7F9 /* ArtistViewController.h */ = {isa = PBXFileReference; fileEncoding = 4; lastKnownFileType = sourcecode.c.h; path = ArtistViewController.h; sourceTree = "<group>"; };
		AADA3DE71EBF7C1E006EF7F9 /* ArtistViewController.m */ = {isa = PBXFileReference; fileEncoding = 4; lastKnownFileType = sourcecode.c.objc; path = ArtistViewController.m; sourceTree = "<group>"; };
		AADA3DE91EBF7C77006EF7F9 /* Artist.h */ = {isa = PBXFileReference; fileEncoding = 4; lastKnownFileType = sourcecode.c.h; path = Artist.h; sourceTree = "<group>"; };
		AADA3DEA1EBF7C77006EF7F9 /* Artist.m */ = {isa = PBXFileReference; fileEncoding = 4; lastKnownFileType = sourcecode.c.objc; path = Artist.m; sourceTree = "<group>"; };
		AADA3DEC1EBF7D20006EF7F9 /* ArtistManager.h */ = {isa = PBXFileReference; fileEncoding = 4; lastKnownFileType = sourcecode.c.h; path = ArtistManager.h; sourceTree = "<group>"; };
		AADA3DED1EBF7D20006EF7F9 /* ArtistManager.m */ = {isa = PBXFileReference; fileEncoding = 4; lastKnownFileType = sourcecode.c.objc; path = ArtistManager.m; sourceTree = "<group>"; };
/* End PBXFileReference section */

/* Begin PBXFrameworksBuildPhase section */
		AADA3DBB1EBF7B48006EF7F9 /* Frameworks */ = {
			isa = PBXFrameworksBuildPhase;
			buildActionMask = 2147483647;
			files = (
			);
			runOnlyForDeploymentPostprocessing = 0;
		};
		AADA3DD41EBF7B48006EF7F9 /* Frameworks */ = {
			isa = PBXFrameworksBuildPhase;
			buildActionMask = 2147483647;
			files = (
			);
			runOnlyForDeploymentPostprocessing = 0;
		};
/* End PBXFrameworksBuildPhase section */

/* Begin PBXGroup section */
		AADA3DB51EBF7B48006EF7F9 = {
			isa = PBXGroup;
			children = (
				AADA3DC01EBF7B48006EF7F9 /* Artists */,
				AADA3DDA1EBF7B48006EF7F9 /* ArtistsTests */,
				AADA3DBF1EBF7B48006EF7F9 /* Products */,
			);
			sourceTree = "<group>";
		};
		AADA3DBF1EBF7B48006EF7F9 /* Products */ = {
			isa = PBXGroup;
			children = (
				AADA3DBE1EBF7B48006EF7F9 /* Artists.app */,
				AADA3DD71EBF7B48006EF7F9 /* ArtistsTests.xctest */,
			);
			name = Products;
			sourceTree = "<group>";
		};
		AADA3DC01EBF7B48006EF7F9 /* Artists */ = {
			isa = PBXGroup;
			children = (
				AADA3DE61EBF7C1E006EF7F9 /* ArtistViewController.h */,
				AADA3DE71EBF7C1E006EF7F9 /* ArtistViewController.m */,
				AADA3DE91EBF7C77006EF7F9 /* Artist.h */,
				AADA3DEA1EBF7C77006EF7F9 /* Artist.m */,
				AADA3DEC1EBF7D20006EF7F9 /* ArtistManager.h */,
				AADA3DED1EBF7D20006EF7F9 /* ArtistManager.m */,
				AADA3DC11EBF7B48006EF7F9 /* Supporting Files */,
			);
			path = Artists;
			sourceTree = "<group>";
		};
		AADA3DC11EBF7B48006EF7F9 /* Supporting Files */ = {
			isa = PBXGroup;
			children = (
				AADA3DC41EBF7B48006EF7F9 /* AppDelegate.h */,
				AADA3DC51EBF7B48006EF7F9 /* AppDelegate.m */,
				AADA3DCA1EBF7B48006EF7F9 /* Main.storyboard */,
				AADA3DCD1EBF7B48006EF7F9 /* Assets.xcassets */,
				AADA3DCF1EBF7B48006EF7F9 /* LaunchScreen.storyboard */,
				AADA3DD21EBF7B48006EF7F9 /* Info.plist */,
				AADA3DC21EBF7B48006EF7F9 /* main.m */,
			);
			name = "Supporting Files";
			sourceTree = "<group>";
		};
		AADA3DDA1EBF7B48006EF7F9 /* ArtistsTests */ = {
			isa = PBXGroup;
			children = (
				AADA3DDB1EBF7B48006EF7F9 /* ArtistsTests.m */,
				AADA3DDD1EBF7B48006EF7F9 /* Info.plist */,
			);
			path = ArtistsTests;
			sourceTree = "<group>";
		};
/* End PBXGroup section */

/* Begin PBXNativeTarget section */
		AADA3DBD1EBF7B48006EF7F9 /* Artists */ = {
			isa = PBXNativeTarget;
			buildConfigurationList = AADA3DE01EBF7B48006EF7F9 /* Build configuration list for PBXNativeTarget "Artists" */;
			buildPhases = (
				AADA3DBA1EBF7B48006EF7F9 /* Sources */,
				AADA3DBB1EBF7B48006EF7F9 /* Frameworks */,
				AADA3DBC1EBF7B48006EF7F9 /* Resources */,
			);
			buildRules = (
			);
			dependencies = (
			);
			name = Artists;
			productName = Artists;
			productReference = AADA3DBE1EBF7B48006EF7F9 /* Artists.app */;
			productType = "com.apple.product-type.application";
		};
		AADA3DD61EBF7B48006EF7F9 /* ArtistsTests */ = {
			isa = PBXNativeTarget;
			buildConfigurationList = AADA3DE31EBF7B48006EF7F9 /* Build configuration list for PBXNativeTarget "ArtistsTests" */;
			buildPhases = (
				AADA3DD31EBF7B48006EF7F9 /* Sources */,
				AADA3DD41EBF7B48006EF7F9 /* Frameworks */,
				AADA3DD51EBF7B48006EF7F9 /* Resources */,
			);
			buildRules = (
			);
			dependencies = (
				AADA3DD91EBF7B48006EF7F9 /* PBXTargetDependency */,
			);
			name = ArtistsTests;
			productName = ArtistsTests;
			productReference = AADA3DD71EBF7B48006EF7F9 /* ArtistsTests.xctest */;
			productType = "com.apple.product-type.bundle.unit-test";
		};
/* End PBXNativeTarget section */

/* Begin PBXProject section */
		AADA3DB61EBF7B48006EF7F9 /* Project object */ = {
			isa = PBXProject;
			attributes = {
				LastUpgradeCheck = 0830;
				ORGANIZATIONNAME = steve;
				TargetAttributes = {
					AADA3DBD1EBF7B48006EF7F9 = {
						CreatedOnToolsVersion = 8.3.2;
						DevelopmentTeam = 6D3DA9G4XW;
						ProvisioningStyle = Automatic;
					};
					AADA3DD61EBF7B48006EF7F9 = {
						CreatedOnToolsVersion = 8.3.2;
						DevelopmentTeam = 6D3DA9G4XW;
						ProvisioningStyle = Automatic;
						TestTargetID = AADA3DBD1EBF7B48006EF7F9;
					};
				};
			};
			buildConfigurationList = AADA3DB91EBF7B48006EF7F9 /* Build configuration list for PBXProject "Artists" */;
			compatibilityVersion = "Xcode 3.2";
			developmentRegion = English;
			hasScannedForEncodings = 0;
			knownRegions = (
				en,
				Base,
			);
			mainGroup = AADA3DB51EBF7B48006EF7F9;
			productRefGroup = AADA3DBF1EBF7B48006EF7F9 /* Products */;
			projectDirPath = "";
			projectRoot = "";
			targets = (
				AADA3DBD1EBF7B48006EF7F9 /* Artists */,
				AADA3DD61EBF7B48006EF7F9 /* ArtistsTests */,
			);
		};
/* End PBXProject section */

/* Begin PBXResourcesBuildPhase section */
		AADA3DBC1EBF7B48006EF7F9 /* Resources */ = {
			isa = PBXResourcesBuildPhase;
			buildActionMask = 2147483647;
			files = (
				AADA3DD11EBF7B48006EF7F9 /* LaunchScreen.storyboard in Resources */,
				AADA3DCE1EBF7B48006EF7F9 /* Assets.xcassets in Resources */,
				AADA3DCC1EBF7B48006EF7F9 /* Main.storyboard in Resources */,
			);
			runOnlyForDeploymentPostprocessing = 0;
		};
		AADA3DD51EBF7B48006EF7F9 /* Resources */ = {
			isa = PBXResourcesBuildPhase;
			buildActionMask = 2147483647;
			files = (
			);
			runOnlyForDeploymentPostprocessing = 0;
		};
/* End PBXResourcesBuildPhase section */

/* Begin PBXSourcesBuildPhase section */
		AADA3DBA1EBF7B48006EF7F9 /* Sources */ = {
			isa = PBXSourcesBuildPhase;
			buildActionMask = 2147483647;
			files = (
				AADA3DC61EBF7B48006EF7F9 /* AppDelegate.m in Sources */,
				AADA3DE81EBF7C1E006EF7F9 /* ArtistViewController.m in Sources */,
				AADA3DEB1EBF7C77006EF7F9 /* Artist.m in Sources */,
				AADA3DC31EBF7B48006EF7F9 /* main.m in Sources */,
				AADA3DEE1EBF7D20006EF7F9 /* ArtistManager.m in Sources */,
			);
			runOnlyForDeploymentPostprocessing = 0;
		};
		AADA3DD31EBF7B48006EF7F9 /* Sources */ = {
			isa = PBXSourcesBuildPhase;
			buildActionMask = 2147483647;
			files = (
				AADA3DDC1EBF7B48006EF7F9 /* ArtistsTests.m in Sources */,
			);
			runOnlyForDeploymentPostprocessing = 0;
		};
/* End PBXSourcesBuildPhase section */

/* Begin PBXTargetDependency section */
		AADA3DD91EBF7B48006EF7F9 /* PBXTargetDependency */ = {
			isa = PBXTargetDependency;
			target = AADA3DBD1EBF7B48006EF7F9 /* Artists */;
			targetProxy = AADA3DD81EBF7B48006EF7F9 /* PBXContainerItemProxy */;
		};
/* End PBXTargetDependency section */

/* Begin PBXVariantGroup section */
		AADA3DCA1EBF7B48006EF7F9 /* Main.storyboard */ = {
			isa = PBXVariantGroup;
			children = (
				AADA3DCB1EBF7B48006EF7F9 /* Base */,
			);
			name = Main.storyboard;
			sourceTree = "<group>";
		};
		AADA3DCF1EBF7B48006EF7F9 /* LaunchScreen.storyboard */ = {
			isa = PBXVariantGroup;
			children = (
				AADA3DD01EBF7B48006EF7F9 /* Base */,
			);
			name = LaunchScreen.storyboard;
			sourceTree = "<group>";
		};
/* End PBXVariantGroup section */

/* Begin XCBuildConfiguration section */
		AADA3DDE1EBF7B48006EF7F9 /* Debug */ = {
			isa = XCBuildConfiguration;
			buildSettings = {
				ALWAYS_SEARCH_USER_PATHS = NO;
				CLANG_ANALYZER_NONNULL = YES;
				CLANG_ANALYZER_NUMBER_OBJECT_CONVERSION = YES_AGGRESSIVE;
				CLANG_CXX_LANGUAGE_STANDARD = "gnu++0x";
				CLANG_CXX_LIBRARY = "libc++";
				CLANG_ENABLE_MODULES = YES;
				CLANG_ENABLE_OBJC_ARC = YES;
				CLANG_WARN_BOOL_CONVERSION = YES;
				CLANG_WARN_CONSTANT_CONVERSION = YES;
				CLANG_WARN_DIRECT_OBJC_ISA_USAGE = YES_ERROR;
				CLANG_WARN_DOCUMENTATION_COMMENTS = YES;
				CLANG_WARN_EMPTY_BODY = YES;
				CLANG_WARN_ENUM_CONVERSION = YES;
				CLANG_WARN_INFINITE_RECURSION = YES;
				CLANG_WARN_INT_CONVERSION = YES;
				CLANG_WARN_OBJC_ROOT_CLASS = YES_ERROR;
				CLANG_WARN_SUSPICIOUS_MOVE = YES;
				CLANG_WARN_UNREACHABLE_CODE = YES;
				CLANG_WARN__DUPLICATE_METHOD_MATCH = YES;
				"CODE_SIGN_IDENTITY[sdk=iphoneos*]" = "iPhone Developer";
				COPY_PHASE_STRIP = NO;
				DEBUG_INFORMATION_FORMAT = dwarf;
				ENABLE_STRICT_OBJC_MSGSEND = YES;
				ENABLE_TESTABILITY = YES;
				GCC_C_LANGUAGE_STANDARD = gnu99;
				GCC_DYNAMIC_NO_PIC = NO;
				GCC_NO_COMMON_BLOCKS = YES;
				GCC_OPTIMIZATION_LEVEL = 0;
				GCC_PREPROCESSOR_DEFINITIONS = (
					"DEBUG=1",
					"$(inherited)",
				);
				GCC_WARN_64_TO_32_BIT_CONVERSION = YES;
				GCC_WARN_ABOUT_RETURN_TYPE = YES_ERROR;
				GCC_WARN_UNDECLARED_SELECTOR = YES;
				GCC_WARN_UNINITIALIZED_AUTOS = YES_AGGRESSIVE;
				GCC_WARN_UNUSED_FUNCTION = YES;
				GCC_WARN_UNUSED_VARIABLE = YES;
				IPHONEOS_DEPLOYMENT_TARGET = 10.3;
				MTL_ENABLE_DEBUG_INFO = YES;
				ONLY_ACTIVE_ARCH = YES;
				SDKROOT = iphoneos;
				TARGETED_DEVICE_FAMILY = "1,2";
			};
			name = Debug;
		};
		AADA3DDF1EBF7B48006EF7F9 /* Release */ = {
			isa = XCBuildConfiguration;
			buildSettings = {
				ALWAYS_SEARCH_USER_PATHS = NO;
				CLANG_ANALYZER_NONNULL = YES;
				CLANG_ANALYZER_NUMBER_OBJECT_CONVERSION = YES_AGGRESSIVE;
				CLANG_CXX_LANGUAGE_STANDARD = "gnu++0x";
				CLANG_CXX_LIBRARY = "libc++";
				CLANG_ENABLE_MODULES = YES;
				CLANG_ENABLE_OBJC_ARC = YES;
				CLANG_WARN_BOOL_CONVERSION = YES;
				CLANG_WARN_CONSTANT_CONVERSION = YES;
				CLANG_WARN_DIRECT_OBJC_ISA_USAGE = YES_ERROR;
				CLANG_WARN_DOCUMENTATION_COMMENTS = YES;
				CLANG_WARN_EMPTY_BODY = YES;
				CLANG_WARN_ENUM_CONVERSION = YES;
				CLANG_WARN_INFINITE_RECURSION = YES;
				CLANG_WARN_INT_CONVERSION = YES;
				CLANG_WARN_OBJC_ROOT_CLASS = YES_ERROR;
				CLANG_WARN_SUSPICIOUS_MOVE = YES;
				CLANG_WARN_UNREACHABLE_CODE = YES;
				CLANG_WARN__DUPLICATE_METHOD_MATCH = YES;
				"CODE_SIGN_IDENTITY[sdk=iphoneos*]" = "iPhone Developer";
				COPY_PHASE_STRIP = NO;
				DEBUG_INFORMATION_FORMAT = "dwarf-with-dsym";
				ENABLE_NS_ASSERTIONS = NO;
				ENABLE_STRICT_OBJC_MSGSEND = YES;
				GCC_C_LANGUAGE_STANDARD = gnu99;
				GCC_NO_COMMON_BLOCKS = YES;
				GCC_WARN_64_TO_32_BIT_CONVERSION = YES;
				GCC_WARN_ABOUT_RETURN_TYPE = YES_ERROR;
				GCC_WARN_UNDECLARED_SELECTOR = YES;
				GCC_WARN_UNINITIALIZED_AUTOS = YES_AGGRESSIVE;
				GCC_WARN_UNUSED_FUNCTION = YES;
				GCC_WARN_UNUSED_VARIABLE = YES;
				IPHONEOS_DEPLOYMENT_TARGET = 10.3;
				MTL_ENABLE_DEBUG_INFO = NO;
				SDKROOT = iphoneos;
				TARGETED_DEVICE_FAMILY = "1,2";
				VALIDATE_PRODUCT = YES;
			};
			name = Release;
		};
		AADA3DE11EBF7B48006EF7F9 /* Debug */ = {
			isa = XCBuildConfiguration;
			buildSettings = {
				ASSETCATALOG_COMPILER_APPICON_NAME = AppIcon;
				DEVELOPMENT_TEAM = 6D3DA9G4XW;
				INFOPLIST_FILE = Artists/Info.plist;
				LD_RUNPATH_SEARCH_PATHS = "$(inherited) @executable_path/Frameworks";
				PRODUCT_BUNDLE_IDENTIFIER = com.cocoanutmobile.steve.ShapeLayer.Artists;
				PRODUCT_NAME = "$(TARGET_NAME)";
			};
			name = Debug;
		};
		AADA3DE21EBF7B48006EF7F9 /* Release */ = {
			isa = XCBuildConfiguration;
			buildSettings = {
				ASSETCATALOG_COMPILER_APPICON_NAME = AppIcon;
				DEVELOPMENT_TEAM = 6D3DA9G4XW;
				INFOPLIST_FILE = Artists/Info.plist;
				LD_RUNPATH_SEARCH_PATHS = "$(inherited) @executable_path/Frameworks";
				PRODUCT_BUNDLE_IDENTIFIER = com.cocoanutmobile.steve.ShapeLayer.Artists;
				PRODUCT_NAME = "$(TARGET_NAME)";
			};
			name = Release;
		};
		AADA3DE41EBF7B48006EF7F9 /* Debug */ = {
			isa = XCBuildConfiguration;
			buildSettings = {
				BUNDLE_LOADER = "$(TEST_HOST)";
				DEVELOPMENT_TEAM = 6D3DA9G4XW;
				INFOPLIST_FILE = ArtistsTests/Info.plist;
				LD_RUNPATH_SEARCH_PATHS = "$(inherited) @executable_path/Frameworks @loader_path/Frameworks";
				PRODUCT_BUNDLE_IDENTIFIER = com.cocoanutmobile.steve.ShapeLayer.ArtistsTests;
				PRODUCT_NAME = "$(TARGET_NAME)";
				TEST_HOST = "$(BUILT_PRODUCTS_DIR)/Artists.app/Artists";
			};
			name = Debug;
		};
		AADA3DE51EBF7B48006EF7F9 /* Release */ = {
			isa = XCBuildConfiguration;
			buildSettings = {
				BUNDLE_LOADER = "$(TEST_HOST)";
				DEVELOPMENT_TEAM = 6D3DA9G4XW;
				INFOPLIST_FILE = ArtistsTests/Info.plist;
				LD_RUNPATH_SEARCH_PATHS = "$(inherited) @executable_path/Frameworks @loader_path/Frameworks";
				PRODUCT_BUNDLE_IDENTIFIER = com.cocoanutmobile.steve.ShapeLayer.ArtistsTests;
				PRODUCT_NAME = "$(TARGET_NAME)";
				TEST_HOST = "$(BUILT_PRODUCTS_DIR)/Artists.app/Artists";
			};
			name = Release;
		};
/* End XCBuildConfiguration section */

/* Begin XCConfigurationList section */
		AADA3DB91EBF7B48006EF7F9 /* Build configuration list for PBXProject "Artists" */ = {
			isa = XCConfigurationList;
			buildConfigurations = (
				AADA3DDE1EBF7B48006EF7F9 /* Debug */,
				AADA3DDF1EBF7B48006EF7F9 /* Release */,
			);
			defaultConfigurationIsVisible = 0;
			defaultConfigurationName = Release;
		};
		AADA3DE01EBF7B48006EF7F9 /* Build configuration list for PBXNativeTarget "Artists" */ = {
			isa = XCConfigurationList;
			buildConfigurations = (
				AADA3DE11EBF7B48006EF7F9 /* Debug */,
				AADA3DE21EBF7B48006EF7F9 /* Release */,
			);
			defaultConfigurationIsVisible = 0;
		};
		AADA3DE31EBF7B48006EF7F9 /* Build configuration list for PBXNativeTarget "ArtistsTests" */ = {
			isa = XCConfigurationList;
			buildConfigurations = (
				AADA3DE41EBF7B48006EF7F9 /* Debug */,
				AADA3DE51EBF7B48006EF7F9 /* Release */,
			);
			defaultConfigurationIsVisible = 0;
		};
/* End XCConfigurationList section */
	};
	rootObject = AADA3DB61EBF7B48006EF7F9 /* Project object */;
}
